{
  "meteor": {
    "git": "https://github.com/meteor/meteor.git",
    "branch": "master",
    "commit": "4d98d8cb4e5a95e9e98953f44c872c9332a042a3"
  },
  "dependencies": {
    "basePackages": {
      "stripe": {},
      "sugar": {},
      "router": {},
      "H5F": {},
      "jade-handlebars": {}
    },
    "packages": {
      "stripe": {
        "git": "https://github.com/appleifreak/stripe-meteor.git",
        "tag": "v1.0.0",
        "commit": "152de8922a7e0f3d1d131ef457d566f8654c0743"
      },
      "sugar": {
        "git": "https://github.com/bevanhunt/meteor-sugar.git",
        "tag": "v0.0.9",
        "commit": "751a4465e0a7d7e4e800e794ca1e6a449e15e63d"
      },
      "router": {
        "git": "https://github.com/tmeasday/meteor-router.git",
        "tag": "v0.3.4",
        "commit": "8f0d5303de5b93771e91f21f818be27358c2fb30"
      },
      "H5F": {
        "git": "https://github.com/rithis/meteor-H5F",
        "tag": "v1.0.0",
        "commit": "7512a04f07b6f87233ace0b0fc094a6b3fa9192a"
      },
      "jade-handlebars": {
        "git": "https://github.com/SimonDegraeve/meteor-jade-handlebars.git",
        "tag": "v0.2.7",
        "commit": "82f6f9ac43a68ffabe1d9b9620be2a4ca6790b56"
      },
      "page-js": {
        "git": "https://github.com/tmeasday/meteor-page-js.git",
        "tag": "v1.3.3",
        "commit": "c1e9832af3fc2b2f5139a16d93a82ca6fa0655da"
      }
    }
  }
}
