{
  "meteor": {
    "git": "https://github.com/meteor/meteor.git",
    "branch": "devel",
    "commit": "453679da6ef0e25db2fb9b4ccf860951805de0ca"
  },
  "dependencies": {
    "basePackages": {
      "stripe": {},
      "sugar": {},
      "router": {},
      "mini-pages": {},
      "filepicker": {},
      "roles": {}
    },
    "packages": {
      "stripe": {
        "git": "https://github.com/appleifreak/stripe-meteor.git",
        "tag": "v1.0.0",
        "commit": "152de8922a7e0f3d1d131ef457d566f8654c0743"
      },
      "sugar": {
        "git": "https://github.com/bevanhunt/meteor-sugar.git",
        "tag": "v0.0.9",
        "commit": "751a4465e0a7d7e4e800e794ca1e6a449e15e63d"
      },
      "router": {
        "git": "https://github.com/tmeasday/meteor-router.git",
        "tag": "v0.3.5",
        "commit": "e8e63db2411204f0a6589b74dd591babbfb2da1a"
      },
      "mini-pages": {
        "git": "https://github.com/cmather/meteor-mini-pages.git",
        "tag": "v0.2.3",
        "commit": "dcf77ccca21508a1eb8bec3943bf610b2b8077b5"
      },
      "filepicker": {
        "git": "https://github.com/Filepicker/meteor.git",
        "tag": "v0.2.0",
        "commit": "1ae688ad1abfbe6777c465e11a0d5287ad9e4d4a"
      },
      "roles": {
        "git": "https://github.com/alanning/meteor-roles.git",
        "tag": "v1.0.1",
        "commit": "4cf3c790c8f273f53a41aa8d8ad85c59e8696abb"
      },
      "page-js": {
        "git": "https://github.com/tmeasday/meteor-page-js.git",
        "tag": "v1.3.3",
        "commit": "c1e9832af3fc2b2f5139a16d93a82ca6fa0655da"
      }
    }
  }
}
